// !$*UTF8*$!
{
	archiveVersion = 1;
	classes = {
	};
	objectVersion = 56;
	objects = {

/* Begin PBXBuildFile section */
		A1E3A6E62B2186760085A3B7 /* PaymentContract.swift in Sources */ = {isa = PBXBuildFile; fileRef = A1E3A6E02B2186760085A3B7 /* PaymentContract.swift */; };
		A1E3A6E72B2186760085A3B7 /* PaymentPresenter.swift in Sources */ = {isa = PBXBuildFile; fileRef = A1E3A6E12B2186760085A3B7 /* PaymentPresenter.swift */; };
		A1E3A6E82B2186760085A3B7 /* PaymentRouter.swift in Sources */ = {isa = PBXBuildFile; fileRef = A1E3A6E22B2186760085A3B7 /* PaymentRouter.swift */; };
		A1E3A6E92B2186760085A3B7 /* PaymentViewController.swift in Sources */ = {isa = PBXBuildFile; fileRef = A1E3A6E32B2186760085A3B7 /* PaymentViewController.swift */; };
		A1E3A6EA2B2186760085A3B7 /* PaymentInteractor.swift in Sources */ = {isa = PBXBuildFile; fileRef = A1E3A6E42B2186760085A3B7 /* PaymentInteractor.swift */; };
		A1E3A6EE2B2186810085A3B7 /* RouterServiceInterface.framework in Frameworks */ = {isa = PBXBuildFile; fileRef = A1E3A6ED2B2186810085A3B7 /* RouterServiceInterface.framework */; };
		A1E3A6EF2B2186810085A3B7 /* RouterServiceInterface.framework in Embed Frameworks */ = {isa = PBXBuildFile; fileRef = A1E3A6ED2B2186810085A3B7 /* RouterServiceInterface.framework */; settings = {ATTRIBUTES = (CodeSignOnCopy, RemoveHeadersOnCopy, ); }; };
		A1E3A6F22B2186920085A3B7 /* PaymentFeature.swift in Sources */ = {isa = PBXBuildFile; fileRef = A1E3A6F12B2186920085A3B7 /* PaymentFeature.swift */; };
		A1E3A6F42B2186AC0085A3B7 /* WalletServices.framework in Frameworks */ = {isa = PBXBuildFile; fileRef = A1E3A6F32B2186AC0085A3B7 /* WalletServices.framework */; };
		A1E3A6F52B2186AC0085A3B7 /* WalletServices.framework in Embed Frameworks */ = {isa = PBXBuildFile; fileRef = A1E3A6F32B2186AC0085A3B7 /* WalletServices.framework */; settings = {ATTRIBUTES = (CodeSignOnCopy, RemoveHeadersOnCopy, ); }; };
		A1E3A6F72B2186B30085A3B7 /* NavigationRoute.framework in Frameworks */ = {isa = PBXBuildFile; fileRef = A1E3A6F62B2186B30085A3B7 /* NavigationRoute.framework */; };
		A1E3A6F82B2186B30085A3B7 /* NavigationRoute.framework in Embed Frameworks */ = {isa = PBXBuildFile; fileRef = A1E3A6F62B2186B30085A3B7 /* NavigationRoute.framework */; settings = {ATTRIBUTES = (CodeSignOnCopy, RemoveHeadersOnCopy, ); }; };
		A1E3A7112B2195E30085A3B7 /* PaymentViewController.xib in Resources */ = {isa = PBXBuildFile; fileRef = A1E3A7102B2195E30085A3B7 /* PaymentViewController.xib */; };
		A1E3A7552B21A46F0085A3B7 /* Models.framework in Frameworks */ = {isa = PBXBuildFile; fileRef = A1E3A7542B21A46F0085A3B7 /* Models.framework */; };
		A1E3A7562B21A46F0085A3B7 /* Models.framework in Embed Frameworks */ = {isa = PBXBuildFile; fileRef = A1E3A7542B21A46F0085A3B7 /* Models.framework */; settings = {ATTRIBUTES = (CodeSignOnCopy, RemoveHeadersOnCopy, ); }; };
		A1E3A75F2B21B5240085A3B7 /* Common.framework in Frameworks */ = {isa = PBXBuildFile; fileRef = A1E3A75E2B21B5240085A3B7 /* Common.framework */; };
		A1E3A7602B21B5240085A3B7 /* Common.framework in Embed Frameworks */ = {isa = PBXBuildFile; fileRef = A1E3A75E2B21B5240085A3B7 /* Common.framework */; settings = {ATTRIBUTES = (CodeSignOnCopy, RemoveHeadersOnCopy, ); }; };
/* End PBXBuildFile section */

/* Begin PBXCopyFilesBuildPhase section */
		A1E3A6F02B2186820085A3B7 /* Embed Frameworks */ = {
			isa = PBXCopyFilesBuildPhase;
			buildActionMask = 2147483647;
			dstPath = "";
			dstSubfolderSpec = 10;
			files = (
				A1E3A7562B21A46F0085A3B7 /* Models.framework in Embed Frameworks */,
				A1E3A6F82B2186B30085A3B7 /* NavigationRoute.framework in Embed Frameworks */,
				A1E3A7602B21B5240085A3B7 /* Common.framework in Embed Frameworks */,
				A1E3A6EF2B2186810085A3B7 /* RouterServiceInterface.framework in Embed Frameworks */,
				A1E3A6F52B2186AC0085A3B7 /* WalletServices.framework in Embed Frameworks */,
			);
			name = "Embed Frameworks";
			runOnlyForDeploymentPostprocessing = 0;
		};
/* End PBXCopyFilesBuildPhase section */

/* Begin PBXFileReference section */
		A1E3A6D62B21865E0085A3B7 /* PaymentFeature.framework */ = {isa = PBXFileReference; explicitFileType = wrapper.framework; includeInIndex = 0; path = PaymentFeature.framework; sourceTree = BUILT_PRODUCTS_DIR; };
		A1E3A6E02B2186760085A3B7 /* PaymentContract.swift */ = {isa = PBXFileReference; lastKnownFileType = sourcecode.swift; path = PaymentContract.swift; sourceTree = "<group>"; };
		A1E3A6E12B2186760085A3B7 /* PaymentPresenter.swift */ = {isa = PBXFileReference; lastKnownFileType = sourcecode.swift; path = PaymentPresenter.swift; sourceTree = "<group>"; };
		A1E3A6E22B2186760085A3B7 /* PaymentRouter.swift */ = {isa = PBXFileReference; lastKnownFileType = sourcecode.swift; path = PaymentRouter.swift; sourceTree = "<group>"; };
		A1E3A6E32B2186760085A3B7 /* PaymentViewController.swift */ = {isa = PBXFileReference; lastKnownFileType = sourcecode.swift; path = PaymentViewController.swift; sourceTree = "<group>"; };
		A1E3A6E42B2186760085A3B7 /* PaymentInteractor.swift */ = {isa = PBXFileReference; lastKnownFileType = sourcecode.swift; path = PaymentInteractor.swift; sourceTree = "<group>"; };
		A1E3A6ED2B2186810085A3B7 /* RouterServiceInterface.framework */ = {isa = PBXFileReference; explicitFileType = wrapper.framework; path = RouterServiceInterface.framework; sourceTree = BUILT_PRODUCTS_DIR; };
		A1E3A6F12B2186920085A3B7 /* PaymentFeature.swift */ = {isa = PBXFileReference; lastKnownFileType = sourcecode.swift; path = PaymentFeature.swift; sourceTree = "<group>"; };
		A1E3A6F32B2186AC0085A3B7 /* WalletServices.framework */ = {isa = PBXFileReference; explicitFileType = wrapper.framework; path = WalletServices.framework; sourceTree = BUILT_PRODUCTS_DIR; };
		A1E3A6F62B2186B30085A3B7 /* NavigationRoute.framework */ = {isa = PBXFileReference; explicitFileType = wrapper.framework; path = NavigationRoute.framework; sourceTree = BUILT_PRODUCTS_DIR; };
		A1E3A7102B2195E30085A3B7 /* PaymentViewController.xib */ = {isa = PBXFileReference; lastKnownFileType = file.xib; path = PaymentViewController.xib; sourceTree = "<group>"; };
		A1E3A7542B21A46F0085A3B7 /* Models.framework */ = {isa = PBXFileReference; explicitFileType = wrapper.framework; path = Models.framework; sourceTree = BUILT_PRODUCTS_DIR; };
		A1E3A75E2B21B5240085A3B7 /* Common.framework */ = {isa = PBXFileReference; explicitFileType = wrapper.framework; path = Common.framework; sourceTree = BUILT_PRODUCTS_DIR; };
/* End PBXFileReference section */

/* Begin PBXFrameworksBuildPhase section */
		A1E3A6D32B21865E0085A3B7 /* Frameworks */ = {
			isa = PBXFrameworksBuildPhase;
			buildActionMask = 2147483647;
			files = (
				A1E3A7552B21A46F0085A3B7 /* Models.framework in Frameworks */,
				A1E3A6F72B2186B30085A3B7 /* NavigationRoute.framework in Frameworks */,
				A1E3A75F2B21B5240085A3B7 /* Common.framework in Frameworks */,
				A1E3A6EE2B2186810085A3B7 /* RouterServiceInterface.framework in Frameworks */,
				A1E3A6F42B2186AC0085A3B7 /* WalletServices.framework in Frameworks */,
			);
			runOnlyForDeploymentPostprocessing = 0;
		};
/* End PBXFrameworksBuildPhase section */

/* Begin PBXGroup section */
		A1E3A6CC2B21865E0085A3B7 = {
			isa = PBXGroup;
			children = (
				A1E3A6D82B21865E0085A3B7 /* PaymentFeature */,
				A1E3A6D72B21865E0085A3B7 /* Products */,
				A1E3A6EC2B2186810085A3B7 /* Frameworks */,
			);
			sourceTree = "<group>";
		};
		A1E3A6D72B21865E0085A3B7 /* Products */ = {
			isa = PBXGroup;
			children = (
				A1E3A6D62B21865E0085A3B7 /* PaymentFeature.framework */,
			);
			name = Products;
			sourceTree = "<group>";
		};
		A1E3A6D82B21865E0085A3B7 /* PaymentFeature */ = {
			isa = PBXGroup;
			children = (
				A1E3A6F12B2186920085A3B7 /* PaymentFeature.swift */,
				A1E3A6E02B2186760085A3B7 /* PaymentContract.swift */,
				A1E3A6E12B2186760085A3B7 /* PaymentPresenter.swift */,
				A1E3A6E22B2186760085A3B7 /* PaymentRouter.swift */,
				A1E3A6E42B2186760085A3B7 /* PaymentInteractor.swift */,
				A1E3A6E32B2186760085A3B7 /* PaymentViewController.swift */,
				A1E3A7102B2195E30085A3B7 /* PaymentViewController.xib */,
			);
			path = PaymentFeature;
			sourceTree = "<group>";
		};
		A1E3A6EC2B2186810085A3B7 /* Frameworks */ = {
			isa = PBXGroup;
			children = (
				A1E3A75E2B21B5240085A3B7 /* Common.framework */,
				A1E3A7542B21A46F0085A3B7 /* Models.framework */,
				A1E3A6F62B2186B30085A3B7 /* NavigationRoute.framework */,
				A1E3A6F32B2186AC0085A3B7 /* WalletServices.framework */,
				A1E3A6ED2B2186810085A3B7 /* RouterServiceInterface.framework */,
			);
			name = Frameworks;
			sourceTree = "<group>";
		};
/* End PBXGroup section */

/* Begin PBXHeadersBuildPhase section */
		A1E3A6D12B21865E0085A3B7 /* Headers */ = {
			isa = PBXHeadersBuildPhase;
			buildActionMask = 2147483647;
			files = (
			);
			runOnlyForDeploymentPostprocessing = 0;
		};
/* End PBXHeadersBuildPhase section */

/* Begin PBXNativeTarget section */
		A1E3A6D52B21865E0085A3B7 /* PaymentFeature */ = {
			isa = PBXNativeTarget;
			buildConfigurationList = A1E3A6DD2B21865E0085A3B7 /* Build configuration list for PBXNativeTarget "PaymentFeature" */;
			buildPhases = (
				A1E3A6D12B21865E0085A3B7 /* Headers */,
				A1E3A6D22B21865E0085A3B7 /* Sources */,
				A1E3A6D32B21865E0085A3B7 /* Frameworks */,
				A1E3A6D42B21865E0085A3B7 /* Resources */,
				A1E3A6F02B2186820085A3B7 /* Embed Frameworks */,
			);
			buildRules = (
			);
			dependencies = (
			);
			name = PaymentFeature;
			productName = PaymentFeature;
			productReference = A1E3A6D62B21865E0085A3B7 /* PaymentFeature.framework */;
			productType = "com.apple.product-type.framework";
		};
/* End PBXNativeTarget section */

/* Begin PBXProject section */
		A1E3A6CD2B21865E0085A3B7 /* Project object */ = {
			isa = PBXProject;
			attributes = {
				BuildIndependentTargetsInParallel = 1;
				LastUpgradeCheck = 1500;
				TargetAttributes = {
					A1E3A6D52B21865E0085A3B7 = {
						CreatedOnToolsVersion = 15.0.1;
						LastSwiftMigration = 1500;
					};
				};
			};
			buildConfigurationList = A1E3A6D02B21865E0085A3B7 /* Build configuration list for PBXProject "PaymentFeature" */;
			compatibilityVersion = "Xcode 14.0";
			developmentRegion = en;
			hasScannedForEncodings = 0;
			knownRegions = (
				en,
				Base,
			);
			mainGroup = A1E3A6CC2B21865E0085A3B7;
			productRefGroup = A1E3A6D72B21865E0085A3B7 /* Products */;
			projectDirPath = "";
			projectRoot = "";
			targets = (
				A1E3A6D52B21865E0085A3B7 /* PaymentFeature */,
			);
		};
/* End PBXProject section */

/* Begin PBXResourcesBuildPhase section */
		A1E3A6D42B21865E0085A3B7 /* Resources */ = {
			isa = PBXResourcesBuildPhase;
			buildActionMask = 2147483647;
			files = (
				A1E3A7112B2195E30085A3B7 /* PaymentViewController.xib in Resources */,
			);
			runOnlyForDeploymentPostprocessing = 0;
		};
/* End PBXResourcesBuildPhase section */

/* Begin PBXSourcesBuildPhase section */
		A1E3A6D22B21865E0085A3B7 /* Sources */ = {
			isa = PBXSourcesBuildPhase;
			buildActionMask = 2147483647;
			files = (
				A1E3A6E62B2186760085A3B7 /* PaymentContract.swift in Sources */,
				A1E3A6F22B2186920085A3B7 /* PaymentFeature.swift in Sources */,
				A1E3A6E82B2186760085A3B7 /* PaymentRouter.swift in Sources */,
				A1E3A6EA2B2186760085A3B7 /* PaymentInteractor.swift in Sources */,
				A1E3A6E72B2186760085A3B7 /* PaymentPresenter.swift in Sources */,
				A1E3A6E92B2186760085A3B7 /* PaymentViewController.swift in Sources */,
			);
			runOnlyForDeploymentPostprocessing = 0;
		};
/* End PBXSourcesBuildPhase section */

/* Begin XCBuildConfiguration section */
		A1E3A6DB2B21865E0085A3B7 /* Debug */ = {
			isa = XCBuildConfiguration;
			buildSettings = {
				ALWAYS_SEARCH_USER_PATHS = NO;
				ASSETCATALOG_COMPILER_GENERATE_SWIFT_ASSET_SYMBOL_EXTENSIONS = YES;
				CLANG_ANALYZER_NONNULL = YES;
				CLANG_ANALYZER_NUMBER_OBJECT_CONVERSION = YES_AGGRESSIVE;
				CLANG_CXX_LANGUAGE_STANDARD = "gnu++20";
				CLANG_ENABLE_MODULES = YES;
				CLANG_ENABLE_OBJC_ARC = YES;
				CLANG_ENABLE_OBJC_WEAK = YES;
				CLANG_WARN_BLOCK_CAPTURE_AUTORELEASING = YES;
				CLANG_WARN_BOOL_CONVERSION = YES;
				CLANG_WARN_COMMA = YES;
				CLANG_WARN_CONSTANT_CONVERSION = YES;
				CLANG_WARN_DEPRECATED_OBJC_IMPLEMENTATIONS = YES;
				CLANG_WARN_DIRECT_OBJC_ISA_USAGE = YES_ERROR;
				CLANG_WARN_DOCUMENTATION_COMMENTS = YES;
				CLANG_WARN_EMPTY_BODY = YES;
				CLANG_WARN_ENUM_CONVERSION = YES;
				CLANG_WARN_INFINITE_RECURSION = YES;
				CLANG_WARN_INT_CONVERSION = YES;
				CLANG_WARN_NON_LITERAL_NULL_CONVERSION = YES;
				CLANG_WARN_OBJC_IMPLICIT_RETAIN_SELF = YES;
				CLANG_WARN_OBJC_LITERAL_CONVERSION = YES;
				CLANG_WARN_OBJC_ROOT_CLASS = YES_ERROR;
				CLANG_WARN_QUOTED_INCLUDE_IN_FRAMEWORK_HEADER = YES;
				CLANG_WARN_RANGE_LOOP_ANALYSIS = YES;
				CLANG_WARN_STRICT_PROTOTYPES = YES;
				CLANG_WARN_SUSPICIOUS_MOVE = YES;
				CLANG_WARN_UNGUARDED_AVAILABILITY = YES_AGGRESSIVE;
				CLANG_WARN_UNREACHABLE_CODE = YES;
				CLANG_WARN__DUPLICATE_METHOD_MATCH = YES;
				COPY_PHASE_STRIP = NO;
				CURRENT_PROJECT_VERSION = 1;
				DEBUG_INFORMATION_FORMAT = dwarf;
				ENABLE_STRICT_OBJC_MSGSEND = YES;
				ENABLE_TESTABILITY = YES;
				ENABLE_USER_SCRIPT_SANDBOXING = YES;
				GCC_C_LANGUAGE_STANDARD = gnu17;
				GCC_DYNAMIC_NO_PIC = NO;
				GCC_NO_COMMON_BLOCKS = YES;
				GCC_OPTIMIZATION_LEVEL = 0;
				GCC_PREPROCESSOR_DEFINITIONS = (
					"DEBUG=1",
					"$(inherited)",
				);
				GCC_WARN_64_TO_32_BIT_CONVERSION = YES;
				GCC_WARN_ABOUT_RETURN_TYPE = YES_ERROR;
				GCC_WARN_UNDECLARED_SELECTOR = YES;
				GCC_WARN_UNINITIALIZED_AUTOS = YES_AGGRESSIVE;
				GCC_WARN_UNUSED_FUNCTION = YES;
				GCC_WARN_UNUSED_VARIABLE = YES;
				IPHONEOS_DEPLOYMENT_TARGET = 13.0;
				LOCALIZATION_PREFERS_STRING_CATALOGS = YES;
				MTL_ENABLE_DEBUG_INFO = INCLUDE_SOURCE;
				MTL_FAST_MATH = YES;
				ONLY_ACTIVE_ARCH = YES;
				SDKROOT = iphoneos;
				SWIFT_ACTIVE_COMPILATION_CONDITIONS = "DEBUG $(inherited)";
				SWIFT_OPTIMIZATION_LEVEL = "-Onone";
				VERSIONING_SYSTEM = "apple-generic";
				VERSION_INFO_PREFIX = "";
			};
			name = Debug;
		};
		A1E3A6DC2B21865E0085A3B7 /* Release */ = {
			isa = XCBuildConfiguration;
			buildSettings = {
				ALWAYS_SEARCH_USER_PATHS = NO;
				ASSETCATALOG_COMPILER_GENERATE_SWIFT_ASSET_SYMBOL_EXTENSIONS = YES;
				CLANG_ANALYZER_NONNULL = YES;
				CLANG_ANALYZER_NUMBER_OBJECT_CONVERSION = YES_AGGRESSIVE;
				CLANG_CXX_LANGUAGE_STANDARD = "gnu++20";
				CLANG_ENABLE_MODULES = YES;
				CLANG_ENABLE_OBJC_ARC = YES;
				CLANG_ENABLE_OBJC_WEAK = YES;
				CLANG_WARN_BLOCK_CAPTURE_AUTORELEASING = YES;
				CLANG_WARN_BOOL_CONVERSION = YES;
				CLANG_WARN_COMMA = YES;
				CLANG_WARN_CONSTANT_CONVERSION = YES;
				CLANG_WARN_DEPRECATED_OBJC_IMPLEMENTATIONS = YES;
				CLANG_WARN_DIRECT_OBJC_ISA_USAGE = YES_ERROR;
				CLANG_WARN_DOCUMENTATION_COMMENTS = YES;
				CLANG_WARN_EMPTY_BODY = YES;
				CLANG_WARN_ENUM_CONVERSION = YES;
				CLANG_WARN_INFINITE_RECURSION = YES;
				CLANG_WARN_INT_CONVERSION = YES;
				CLANG_WARN_NON_LITERAL_NULL_CONVERSION = YES;
				CLANG_WARN_OBJC_IMPLICIT_RETAIN_SELF = YES;
				CLANG_WARN_OBJC_LITERAL_CONVERSION = YES;
				CLANG_WARN_OBJC_ROOT_CLASS = YES_ERROR;
				CLANG_WARN_QUOTED_INCLUDE_IN_FRAMEWORK_HEADER = YES;
				CLANG_WARN_RANGE_LOOP_ANALYSIS = YES;
				CLANG_WARN_STRICT_PROTOTYPES = YES;
				CLANG_WARN_SUSPICIOUS_MOVE = YES;
				CLANG_WARN_UNGUARDED_AVAILABILITY = YES_AGGRESSIVE;
				CLANG_WARN_UNREACHABLE_CODE = YES;
				CLANG_WARN__DUPLICATE_METHOD_MATCH = YES;
				COPY_PHASE_STRIP = NO;
				CURRENT_PROJECT_VERSION = 1;
				DEBUG_INFORMATION_FORMAT = "dwarf-with-dsym";
				ENABLE_NS_ASSERTIONS = NO;
				ENABLE_STRICT_OBJC_MSGSEND = YES;
				ENABLE_USER_SCRIPT_SANDBOXING = YES;
				GCC_C_LANGUAGE_STANDARD = gnu17;
				GCC_NO_COMMON_BLOCKS = YES;
				GCC_WARN_64_TO_32_BIT_CONVERSION = YES;
				GCC_WARN_ABOUT_RETURN_TYPE = YES_ERROR;
				GCC_WARN_UNDECLARED_SELECTOR = YES;
				GCC_WARN_UNINITIALIZED_AUTOS = YES_AGGRESSIVE;
				GCC_WARN_UNUSED_FUNCTION = YES;
				GCC_WARN_UNUSED_VARIABLE = YES;
				IPHONEOS_DEPLOYMENT_TARGET = 13.0;
				LOCALIZATION_PREFERS_STRING_CATALOGS = YES;
				MTL_ENABLE_DEBUG_INFO = NO;
				MTL_FAST_MATH = YES;
				SDKROOT = iphoneos;
				SWIFT_COMPILATION_MODE = wholemodule;
				VALIDATE_PRODUCT = YES;
				VERSIONING_SYSTEM = "apple-generic";
				VERSION_INFO_PREFIX = "";
			};
			name = Release;
		};
		A1E3A6DE2B21865E0085A3B7 /* Debug */ = {
			isa = XCBuildConfiguration;
			buildSettings = {
				CLANG_ENABLE_MODULES = YES;
				CODE_SIGN_STYLE = Automatic;
				CURRENT_PROJECT_VERSION = 1;
				DEFINES_MODULE = YES;
				DYLIB_COMPATIBILITY_VERSION = 1;
				DYLIB_CURRENT_VERSION = 1;
				DYLIB_INSTALL_NAME_BASE = "@rpath";
				ENABLE_MODULE_VERIFIER = YES;
				GENERATE_INFOPLIST_FILE = YES;
				INFOPLIST_KEY_NSHumanReadableCopyright = "";
				INSTALL_PATH = "$(LOCAL_LIBRARY_DIR)/Frameworks";
				LD_RUNPATH_SEARCH_PATHS = (
					"$(inherited)",
					"@executable_path/Frameworks",
					"@loader_path/Frameworks",
				);
				MARKETING_VERSION = 1.0;
				MODULE_VERIFIER_SUPPORTED_LANGUAGES = "objective-c objective-c++";
				MODULE_VERIFIER_SUPPORTED_LANGUAGE_STANDARDS = "gnu17 gnu++20";
				PRODUCT_BUNDLE_IDENTIFIER = test.PaymentFeature;
				PRODUCT_NAME = "$(TARGET_NAME:c99extidentifier)";
				SKIP_INSTALL = YES;
				SWIFT_EMIT_LOC_STRINGS = YES;
				SWIFT_OPTIMIZATION_LEVEL = "-Onone";
				SWIFT_VERSION = 5.0;
				TARGETED_DEVICE_FAMILY = "1,2";
			};
			name = Debug;
		};
		A1E3A6DF2B21865E0085A3B7 /* Release */ = {
			isa = XCBuildConfiguration;
			buildSettings = {
				CLANG_ENABLE_MODULES = YES;
				CODE_SIGN_STYLE = Automatic;
				CURRENT_PROJECT_VERSION = 1;
				DEFINES_MODULE = YES;
				DYLIB_COMPATIBILITY_VERSION = 1;
				DYLIB_CURRENT_VERSION = 1;
				DYLIB_INSTALL_NAME_BASE = "@rpath";
				ENABLE_MODULE_VERIFIER = YES;
				GENERATE_INFOPLIST_FILE = YES;
				INFOPLIST_KEY_NSHumanReadableCopyright = "";
				INSTALL_PATH = "$(LOCAL_LIBRARY_DIR)/Frameworks";
				LD_RUNPATH_SEARCH_PATHS = (
					"$(inherited)",
					"@executable_path/Frameworks",
					"@loader_path/Frameworks",
				);
				MARKETING_VERSION = 1.0;
				MODULE_VERIFIER_SUPPORTED_LANGUAGES = "objective-c objective-c++";
				MODULE_VERIFIER_SUPPORTED_LANGUAGE_STANDARDS = "gnu17 gnu++20";
				PRODUCT_BUNDLE_IDENTIFIER = test.PaymentFeature;
				PRODUCT_NAME = "$(TARGET_NAME:c99extidentifier)";
				SKIP_INSTALL = YES;
				SWIFT_EMIT_LOC_STRINGS = YES;
				SWIFT_VERSION = 5.0;
				TARGETED_DEVICE_FAMILY = "1,2";
			};
			name = Release;
		};
/* End XCBuildConfiguration section */

/* Begin XCConfigurationList section */
		A1E3A6D02B21865E0085A3B7 /* Build configuration list for PBXProject "PaymentFeature" */ = {
			isa = XCConfigurationList;
			buildConfigurations = (
				A1E3A6DB2B21865E0085A3B7 /* Debug */,
				A1E3A6DC2B21865E0085A3B7 /* Release */,
			);
			defaultConfigurationIsVisible = 0;
			defaultConfigurationName = Release;
		};
		A1E3A6DD2B21865E0085A3B7 /* Build configuration list for PBXNativeTarget "PaymentFeature" */ = {
			isa = XCConfigurationList;
			buildConfigurations = (
				A1E3A6DE2B21865E0085A3B7 /* Debug */,
				A1E3A6DF2B21865E0085A3B7 /* Release */,
			);
			defaultConfigurationIsVisible = 0;
			defaultConfigurationName = Release;
		};
/* End XCConfigurationList section */
	};
	rootObject = A1E3A6CD2B21865E0085A3B7 /* Project object */;
}
