// !$*UTF8*$!
{
	archiveVersion = 1;
	classes = {
	};
	objectVersion = 56;
	objects = {

/* Begin PBXBuildFile section */
		205496192EE7927F6E80809D /* Pods_qr_app_RouterService.framework in Frameworks */ = {isa = PBXBuildFile; fileRef = B0E996286F7BB908AB7F186B /* Pods_qr_app_RouterService.framework */; };
		A1ED22822B17873E00FCB6C4 /* RouteExtensions.swift in Sources */ = {isa = PBXBuildFile; fileRef = A1ED227C2B17873E00FCB6C4 /* RouteExtensions.swift */; };
		A1ED22832B17873E00FCB6C4 /* AnyRouteType.swift in Sources */ = {isa = PBXBuildFile; fileRef = A1ED227D2B17873E00FCB6C4 /* AnyRouteType.swift */; };
		A1ED22842B17873E00FCB6C4 /* RouteString.swift in Sources */ = {isa = PBXBuildFile; fileRef = A1ED227E2B17873E00FCB6C4 /* RouteString.swift */; };
		A1ED22852B17873E00FCB6C4 /* Store.swift in Sources */ = {isa = PBXBuildFile; fileRef = A1ED227F2B17873E00FCB6C4 /* Store.swift */; };
		A1ED22862B17873E00FCB6C4 /* RouterService.swift in Sources */ = {isa = PBXBuildFile; fileRef = A1ED22802B17873E00FCB6C4 /* RouterService.swift */; };
		A1ED22872B17873E00FCB6C4 /* FeatureBuilding.swift in Sources */ = {isa = PBXBuildFile; fileRef = A1ED22812B17873E00FCB6C4 /* FeatureBuilding.swift */; };
		A1ED22892B17876D00FCB6C4 /* RouterServiceInterface.framework in Frameworks */ = {isa = PBXBuildFile; fileRef = A1ED22882B17876D00FCB6C4 /* RouterServiceInterface.framework */; };
		A1ED228A2B17876D00FCB6C4 /* RouterServiceInterface.framework in Embed Frameworks */ = {isa = PBXBuildFile; fileRef = A1ED22882B17876D00FCB6C4 /* RouterServiceInterface.framework */; settings = {ATTRIBUTES = (CodeSignOnCopy, RemoveHeadersOnCopy, ); }; };
/* End PBXBuildFile section */

/* Begin PBXCopyFilesBuildPhase section */
		A1ED228B2B17876D00FCB6C4 /* Embed Frameworks */ = {
			isa = PBXCopyFilesBuildPhase;
			buildActionMask = 2147483647;
			dstPath = "";
			dstSubfolderSpec = 10;
			files = (
				A1ED228A2B17876D00FCB6C4 /* RouterServiceInterface.framework in Embed Frameworks */,
			);
			name = "Embed Frameworks";
			runOnlyForDeploymentPostprocessing = 0;
		};
/* End PBXCopyFilesBuildPhase section */

/* Begin PBXFileReference section */
		13CF0FA224E6C302C080BC0D /* Pods-RouterService.release.xcconfig */ = {isa = PBXFileReference; includeInIndex = 1; lastKnownFileType = text.xcconfig; name = "Pods-RouterService.release.xcconfig"; path = "../../Core/Pods/Target Support Files/Pods-RouterService/Pods-RouterService.release.xcconfig"; sourceTree = "<group>"; };
		166A3F846C1E3973328ABA4D /* Pods-Core-RouterService.release.xcconfig */ = {isa = PBXFileReference; includeInIndex = 1; lastKnownFileType = text.xcconfig; name = "Pods-Core-RouterService.release.xcconfig"; path = "Target Support Files/Pods-Core-RouterService/Pods-Core-RouterService.release.xcconfig"; sourceTree = "<group>"; };
		18AC0DFE7FB1E6EBCD848B4D /* Pods-qr_app-RouterService.debug.xcconfig */ = {isa = PBXFileReference; includeInIndex = 1; lastKnownFileType = text.xcconfig; name = "Pods-qr_app-RouterService.debug.xcconfig"; path = "../../handika/qr_app/Pods/Target Support Files/Pods-qr_app-RouterService/Pods-qr_app-RouterService.debug.xcconfig"; sourceTree = "<group>"; };
		3335CD1C7609B94B2BBC5B4A /* Pods-qr_app-RouterService.release.xcconfig */ = {isa = PBXFileReference; includeInIndex = 1; lastKnownFileType = text.xcconfig; name = "Pods-qr_app-RouterService.release.xcconfig"; path = "../../handika/qr_app/Pods/Target Support Files/Pods-qr_app-RouterService/Pods-qr_app-RouterService.release.xcconfig"; sourceTree = "<group>"; };
		A1ED224E2B1784BB00FCB6C4 /* RouterService.framework */ = {isa = PBXFileReference; explicitFileType = wrapper.framework; includeInIndex = 0; path = RouterService.framework; sourceTree = BUILT_PRODUCTS_DIR; };
		A1ED227C2B17873E00FCB6C4 /* RouteExtensions.swift */ = {isa = PBXFileReference; fileEncoding = 4; lastKnownFileType = sourcecode.swift; path = RouteExtensions.swift; sourceTree = "<group>"; };
		A1ED227D2B17873E00FCB6C4 /* AnyRouteType.swift */ = {isa = PBXFileReference; fileEncoding = 4; lastKnownFileType = sourcecode.swift; path = AnyRouteType.swift; sourceTree = "<group>"; };
		A1ED227E2B17873E00FCB6C4 /* RouteString.swift */ = {isa = PBXFileReference; fileEncoding = 4; lastKnownFileType = sourcecode.swift; path = RouteString.swift; sourceTree = "<group>"; };
		A1ED227F2B17873E00FCB6C4 /* Store.swift */ = {isa = PBXFileReference; fileEncoding = 4; lastKnownFileType = sourcecode.swift; path = Store.swift; sourceTree = "<group>"; };
		A1ED22802B17873E00FCB6C4 /* RouterService.swift */ = {isa = PBXFileReference; fileEncoding = 4; lastKnownFileType = sourcecode.swift; path = RouterService.swift; sourceTree = "<group>"; };
		A1ED22812B17873E00FCB6C4 /* FeatureBuilding.swift */ = {isa = PBXFileReference; fileEncoding = 4; lastKnownFileType = sourcecode.swift; path = FeatureBuilding.swift; sourceTree = "<group>"; };
		A1ED22882B17876D00FCB6C4 /* RouterServiceInterface.framework */ = {isa = PBXFileReference; explicitFileType = wrapper.framework; path = RouterServiceInterface.framework; sourceTree = BUILT_PRODUCTS_DIR; };
		AC74D163D07238E7BF53EAAF /* Pods-RouterService.debug.xcconfig */ = {isa = PBXFileReference; includeInIndex = 1; lastKnownFileType = text.xcconfig; name = "Pods-RouterService.debug.xcconfig"; path = "../../Core/Pods/Target Support Files/Pods-RouterService/Pods-RouterService.debug.xcconfig"; sourceTree = "<group>"; };
		B0E996286F7BB908AB7F186B /* Pods_qr_app_RouterService.framework */ = {isa = PBXFileReference; explicitFileType = wrapper.framework; includeInIndex = 0; path = Pods_qr_app_RouterService.framework; sourceTree = BUILT_PRODUCTS_DIR; };
		B6A2B28A1C5FC32247C46346 /* Pods-Core-RouterService.debug.xcconfig */ = {isa = PBXFileReference; includeInIndex = 1; lastKnownFileType = text.xcconfig; name = "Pods-Core-RouterService.debug.xcconfig"; path = "Target Support Files/Pods-Core-RouterService/Pods-Core-RouterService.debug.xcconfig"; sourceTree = "<group>"; };
/* End PBXFileReference section */

/* Begin PBXFrameworksBuildPhase section */
		A1ED224B2B1784BB00FCB6C4 /* Frameworks */ = {
			isa = PBXFrameworksBuildPhase;
			buildActionMask = 2147483647;
			files = (
				A1ED22892B17876D00FCB6C4 /* RouterServiceInterface.framework in Frameworks */,
				205496192EE7927F6E80809D /* Pods_qr_app_RouterService.framework in Frameworks */,
			);
			runOnlyForDeploymentPostprocessing = 0;
		};
/* End PBXFrameworksBuildPhase section */

/* Begin PBXGroup section */
		A1ED22442B1784BB00FCB6C4 = {
			isa = PBXGroup;
			children = (
				A1ED22502B1784BB00FCB6C4 /* RouterService */,
				A1ED224F2B1784BB00FCB6C4 /* Products */,
				BA28920FB141CFA335DFEAAF /* Pods */,
				FDE4D1E71296AF2C9C89608A /* Frameworks */,
			);
			sourceTree = "<group>";
		};
		A1ED224F2B1784BB00FCB6C4 /* Products */ = {
			isa = PBXGroup;
			children = (
				A1ED224E2B1784BB00FCB6C4 /* RouterService.framework */,
			);
			name = Products;
			sourceTree = "<group>";
		};
		A1ED22502B1784BB00FCB6C4 /* RouterService */ = {
			isa = PBXGroup;
			children = (
				A1ED227D2B17873E00FCB6C4 /* AnyRouteType.swift */,
				A1ED22812B17873E00FCB6C4 /* FeatureBuilding.swift */,
				A1ED227C2B17873E00FCB6C4 /* RouteExtensions.swift */,
				A1ED22802B17873E00FCB6C4 /* RouterService.swift */,
				A1ED227E2B17873E00FCB6C4 /* RouteString.swift */,
				A1ED227F2B17873E00FCB6C4 /* Store.swift */,
			);
			path = RouterService;
			sourceTree = "<group>";
		};
		BA28920FB141CFA335DFEAAF /* Pods */ = {
			isa = PBXGroup;
			children = (
				B6A2B28A1C5FC32247C46346 /* Pods-Core-RouterService.debug.xcconfig */,
				166A3F846C1E3973328ABA4D /* Pods-Core-RouterService.release.xcconfig */,
				AC74D163D07238E7BF53EAAF /* Pods-RouterService.debug.xcconfig */,
				13CF0FA224E6C302C080BC0D /* Pods-RouterService.release.xcconfig */,
				18AC0DFE7FB1E6EBCD848B4D /* Pods-qr_app-RouterService.debug.xcconfig */,
				3335CD1C7609B94B2BBC5B4A /* Pods-qr_app-RouterService.release.xcconfig */,
			);
			name = Pods;
			path = ../../../MainApp/Pods;
			sourceTree = "<group>";
		};
		FDE4D1E71296AF2C9C89608A /* Frameworks */ = {
			isa = PBXGroup;
			children = (
				A1ED22882B17876D00FCB6C4 /* RouterServiceInterface.framework */,
				B0E996286F7BB908AB7F186B /* Pods_qr_app_RouterService.framework */,
			);
			name = Frameworks;
			sourceTree = "<group>";
		};
/* End PBXGroup section */

/* Begin PBXHeadersBuildPhase section */
		A1ED22492B1784BB00FCB6C4 /* Headers */ = {
			isa = PBXHeadersBuildPhase;
			buildActionMask = 2147483647;
			files = (
			);
			runOnlyForDeploymentPostprocessing = 0;
		};
/* End PBXHeadersBuildPhase section */

/* Begin PBXNativeTarget section */
		A1ED224D2B1784BB00FCB6C4 /* RouterService */ = {
			isa = PBXNativeTarget;
			buildConfigurationList = A1ED22552B1784BB00FCB6C4 /* Build configuration list for PBXNativeTarget "RouterService" */;
			buildPhases = (
				51514BA9B55D8C5E2C9D3D11 /* [CP] Check Pods Manifest.lock */,
				A1ED22492B1784BB00FCB6C4 /* Headers */,
				A1ED224A2B1784BB00FCB6C4 /* Sources */,
				A1ED224B2B1784BB00FCB6C4 /* Frameworks */,
				A1ED224C2B1784BB00FCB6C4 /* Resources */,
				A1ED228B2B17876D00FCB6C4 /* Embed Frameworks */,
			);
			buildRules = (
			);
			dependencies = (
			);
			name = RouterService;
			productName = RouterService;
			productReference = A1ED224E2B1784BB00FCB6C4 /* RouterService.framework */;
			productType = "com.apple.product-type.framework";
		};
/* End PBXNativeTarget section */

/* Begin PBXProject section */
		A1ED22452B1784BB00FCB6C4 /* Project object */ = {
			isa = PBXProject;
			attributes = {
				BuildIndependentTargetsInParallel = 1;
				LastUpgradeCheck = 1500;
				TargetAttributes = {
					A1ED224D2B1784BB00FCB6C4 = {
						CreatedOnToolsVersion = 15.0.1;
						LastSwiftMigration = 1500;
					};
				};
			};
			buildConfigurationList = A1ED22482B1784BB00FCB6C4 /* Build configuration list for PBXProject "RouterService" */;
			compatibilityVersion = "Xcode 14.0";
			developmentRegion = en;
			hasScannedForEncodings = 0;
			knownRegions = (
				en,
				Base,
			);
			mainGroup = A1ED22442B1784BB00FCB6C4;
			productRefGroup = A1ED224F2B1784BB00FCB6C4 /* Products */;
			projectDirPath = "";
			projectRoot = "";
			targets = (
				A1ED224D2B1784BB00FCB6C4 /* RouterService */,
			);
		};
/* End PBXProject section */

/* Begin PBXResourcesBuildPhase section */
		A1ED224C2B1784BB00FCB6C4 /* Resources */ = {
			isa = PBXResourcesBuildPhase;
			buildActionMask = 2147483647;
			files = (
			);
			runOnlyForDeploymentPostprocessing = 0;
		};
/* End PBXResourcesBuildPhase section */

/* Begin PBXShellScriptBuildPhase section */
		51514BA9B55D8C5E2C9D3D11 /* [CP] Check Pods Manifest.lock */ = {
			isa = PBXShellScriptBuildPhase;
			buildActionMask = 2147483647;
			files = (
			);
			inputFileListPaths = (
			);
			inputPaths = (
				"${PODS_PODFILE_DIR_PATH}/Podfile.lock",
				"${PODS_ROOT}/Manifest.lock",
			);
			name = "[CP] Check Pods Manifest.lock";
			outputFileListPaths = (
			);
			outputPaths = (
				"$(DERIVED_FILE_DIR)/Pods-qr_app-RouterService-checkManifestLockResult.txt",
			);
			runOnlyForDeploymentPostprocessing = 0;
			shellPath = /bin/sh;
			shellScript = "diff \"${PODS_PODFILE_DIR_PATH}/Podfile.lock\" \"${PODS_ROOT}/Manifest.lock\" > /dev/null\nif [ $? != 0 ] ; then\n    # print error to STDERR\n    echo \"error: The sandbox is not in sync with the Podfile.lock. Run 'pod install' or update your CocoaPods installation.\" >&2\n    exit 1\nfi\n# This output is used by Xcode 'outputs' to avoid re-running this script phase.\necho \"SUCCESS\" > \"${SCRIPT_OUTPUT_FILE_0}\"\n";
			showEnvVarsInLog = 0;
		};
/* End PBXShellScriptBuildPhase section */

/* Begin PBXSourcesBuildPhase section */
		A1ED224A2B1784BB00FCB6C4 /* Sources */ = {
			isa = PBXSourcesBuildPhase;
			buildActionMask = 2147483647;
			files = (
				A1ED22842B17873E00FCB6C4 /* RouteString.swift in Sources */,
				A1ED22862B17873E00FCB6C4 /* RouterService.swift in Sources */,
				A1ED22832B17873E00FCB6C4 /* AnyRouteType.swift in Sources */,
				A1ED22822B17873E00FCB6C4 /* RouteExtensions.swift in Sources */,
				A1ED22872B17873E00FCB6C4 /* FeatureBuilding.swift in Sources */,
				A1ED22852B17873E00FCB6C4 /* Store.swift in Sources */,
			);
			runOnlyForDeploymentPostprocessing = 0;
		};
/* End PBXSourcesBuildPhase section */

/* Begin XCBuildConfiguration section */
		A1ED22532B1784BB00FCB6C4 /* Debug */ = {
			isa = XCBuildConfiguration;
			buildSettings = {
				ALWAYS_SEARCH_USER_PATHS = NO;
				ASSETCATALOG_COMPILER_GENERATE_SWIFT_ASSET_SYMBOL_EXTENSIONS = YES;
				CLANG_ANALYZER_NONNULL = YES;
				CLANG_ANALYZER_NUMBER_OBJECT_CONVERSION = YES_AGGRESSIVE;
				CLANG_CXX_LANGUAGE_STANDARD = "gnu++20";
				CLANG_ENABLE_MODULES = YES;
				CLANG_ENABLE_OBJC_ARC = YES;
				CLANG_ENABLE_OBJC_WEAK = YES;
				CLANG_WARN_BLOCK_CAPTURE_AUTORELEASING = YES;
				CLANG_WARN_BOOL_CONVERSION = YES;
				CLANG_WARN_COMMA = YES;
				CLANG_WARN_CONSTANT_CONVERSION = YES;
				CLANG_WARN_DEPRECATED_OBJC_IMPLEMENTATIONS = YES;
				CLANG_WARN_DIRECT_OBJC_ISA_USAGE = YES_ERROR;
				CLANG_WARN_DOCUMENTATION_COMMENTS = YES;
				CLANG_WARN_EMPTY_BODY = YES;
				CLANG_WARN_ENUM_CONVERSION = YES;
				CLANG_WARN_INFINITE_RECURSION = YES;
				CLANG_WARN_INT_CONVERSION = YES;
				CLANG_WARN_NON_LITERAL_NULL_CONVERSION = YES;
				CLANG_WARN_OBJC_IMPLICIT_RETAIN_SELF = YES;
				CLANG_WARN_OBJC_LITERAL_CONVERSION = YES;
				CLANG_WARN_OBJC_ROOT_CLASS = YES_ERROR;
				CLANG_WARN_QUOTED_INCLUDE_IN_FRAMEWORK_HEADER = YES;
				CLANG_WARN_RANGE_LOOP_ANALYSIS = YES;
				CLANG_WARN_STRICT_PROTOTYPES = YES;
				CLANG_WARN_SUSPICIOUS_MOVE = YES;
				CLANG_WARN_UNGUARDED_AVAILABILITY = YES_AGGRESSIVE;
				CLANG_WARN_UNREACHABLE_CODE = YES;
				CLANG_WARN__DUPLICATE_METHOD_MATCH = YES;
				COPY_PHASE_STRIP = NO;
				CURRENT_PROJECT_VERSION = 1;
				DEBUG_INFORMATION_FORMAT = dwarf;
				ENABLE_STRICT_OBJC_MSGSEND = YES;
				ENABLE_TESTABILITY = YES;
				ENABLE_USER_SCRIPT_SANDBOXING = YES;
				GCC_C_LANGUAGE_STANDARD = gnu17;
				GCC_DYNAMIC_NO_PIC = NO;
				GCC_NO_COMMON_BLOCKS = YES;
				GCC_OPTIMIZATION_LEVEL = 0;
				GCC_PREPROCESSOR_DEFINITIONS = (
					"DEBUG=1",
					"$(inherited)",
				);
				GCC_WARN_64_TO_32_BIT_CONVERSION = YES;
				GCC_WARN_ABOUT_RETURN_TYPE = YES_ERROR;
				GCC_WARN_UNDECLARED_SELECTOR = YES;
				GCC_WARN_UNINITIALIZED_AUTOS = YES_AGGRESSIVE;
				GCC_WARN_UNUSED_FUNCTION = YES;
				GCC_WARN_UNUSED_VARIABLE = YES;
				IPHONEOS_DEPLOYMENT_TARGET = 13.0;
				LOCALIZATION_PREFERS_STRING_CATALOGS = YES;
				MTL_ENABLE_DEBUG_INFO = INCLUDE_SOURCE;
				MTL_FAST_MATH = YES;
				ONLY_ACTIVE_ARCH = YES;
				SDKROOT = iphoneos;
				SWIFT_ACTIVE_COMPILATION_CONDITIONS = "DEBUG $(inherited)";
				SWIFT_OPTIMIZATION_LEVEL = "-Onone";
				VERSIONING_SYSTEM = "apple-generic";
				VERSION_INFO_PREFIX = "";
			};
			name = Debug;
		};
		A1ED22542B1784BB00FCB6C4 /* Release */ = {
			isa = XCBuildConfiguration;
			buildSettings = {
				ALWAYS_SEARCH_USER_PATHS = NO;
				ASSETCATALOG_COMPILER_GENERATE_SWIFT_ASSET_SYMBOL_EXTENSIONS = YES;
				CLANG_ANALYZER_NONNULL = YES;
				CLANG_ANALYZER_NUMBER_OBJECT_CONVERSION = YES_AGGRESSIVE;
				CLANG_CXX_LANGUAGE_STANDARD = "gnu++20";
				CLANG_ENABLE_MODULES = YES;
				CLANG_ENABLE_OBJC_ARC = YES;
				CLANG_ENABLE_OBJC_WEAK = YES;
				CLANG_WARN_BLOCK_CAPTURE_AUTORELEASING = YES;
				CLANG_WARN_BOOL_CONVERSION = YES;
				CLANG_WARN_COMMA = YES;
				CLANG_WARN_CONSTANT_CONVERSION = YES;
				CLANG_WARN_DEPRECATED_OBJC_IMPLEMENTATIONS = YES;
				CLANG_WARN_DIRECT_OBJC_ISA_USAGE = YES_ERROR;
				CLANG_WARN_DOCUMENTATION_COMMENTS = YES;
				CLANG_WARN_EMPTY_BODY = YES;
				CLANG_WARN_ENUM_CONVERSION = YES;
				CLANG_WARN_INFINITE_RECURSION = YES;
				CLANG_WARN_INT_CONVERSION = YES;
				CLANG_WARN_NON_LITERAL_NULL_CONVERSION = YES;
				CLANG_WARN_OBJC_IMPLICIT_RETAIN_SELF = YES;
				CLANG_WARN_OBJC_LITERAL_CONVERSION = YES;
				CLANG_WARN_OBJC_ROOT_CLASS = YES_ERROR;
				CLANG_WARN_QUOTED_INCLUDE_IN_FRAMEWORK_HEADER = YES;
				CLANG_WARN_RANGE_LOOP_ANALYSIS = YES;
				CLANG_WARN_STRICT_PROTOTYPES = YES;
				CLANG_WARN_SUSPICIOUS_MOVE = YES;
				CLANG_WARN_UNGUARDED_AVAILABILITY = YES_AGGRESSIVE;
				CLANG_WARN_UNREACHABLE_CODE = YES;
				CLANG_WARN__DUPLICATE_METHOD_MATCH = YES;
				COPY_PHASE_STRIP = NO;
				CURRENT_PROJECT_VERSION = 1;
				DEBUG_INFORMATION_FORMAT = "dwarf-with-dsym";
				ENABLE_NS_ASSERTIONS = NO;
				ENABLE_STRICT_OBJC_MSGSEND = YES;
				ENABLE_USER_SCRIPT_SANDBOXING = YES;
				GCC_C_LANGUAGE_STANDARD = gnu17;
				GCC_NO_COMMON_BLOCKS = YES;
				GCC_WARN_64_TO_32_BIT_CONVERSION = YES;
				GCC_WARN_ABOUT_RETURN_TYPE = YES_ERROR;
				GCC_WARN_UNDECLARED_SELECTOR = YES;
				GCC_WARN_UNINITIALIZED_AUTOS = YES_AGGRESSIVE;
				GCC_WARN_UNUSED_FUNCTION = YES;
				GCC_WARN_UNUSED_VARIABLE = YES;
				IPHONEOS_DEPLOYMENT_TARGET = 13.0;
				LOCALIZATION_PREFERS_STRING_CATALOGS = YES;
				MTL_ENABLE_DEBUG_INFO = NO;
				MTL_FAST_MATH = YES;
				SDKROOT = iphoneos;
				SWIFT_COMPILATION_MODE = wholemodule;
				VALIDATE_PRODUCT = YES;
				VERSIONING_SYSTEM = "apple-generic";
				VERSION_INFO_PREFIX = "";
			};
			name = Release;
		};
		A1ED22562B1784BB00FCB6C4 /* Debug */ = {
			isa = XCBuildConfiguration;
			baseConfigurationReference = 18AC0DFE7FB1E6EBCD848B4D /* Pods-qr_app-RouterService.debug.xcconfig */;
			buildSettings = {
				CLANG_ENABLE_MODULES = YES;
				CODE_SIGN_STYLE = Automatic;
				CURRENT_PROJECT_VERSION = 1;
				DEFINES_MODULE = YES;
				DYLIB_COMPATIBILITY_VERSION = 1;
				DYLIB_CURRENT_VERSION = 1;
				DYLIB_INSTALL_NAME_BASE = "@rpath";
				ENABLE_MODULE_VERIFIER = YES;
				GENERATE_INFOPLIST_FILE = YES;
				INFOPLIST_KEY_NSHumanReadableCopyright = "";
				INSTALL_PATH = "$(LOCAL_LIBRARY_DIR)/Frameworks";
				LD_RUNPATH_SEARCH_PATHS = (
					"$(inherited)",
					"@executable_path/Frameworks",
					"@loader_path/Frameworks",
				);
				MARKETING_VERSION = 1.0;
				MODULE_VERIFIER_SUPPORTED_LANGUAGES = "objective-c objective-c++";
				MODULE_VERIFIER_SUPPORTED_LANGUAGE_STANDARDS = "gnu17 gnu++20";
				PRODUCT_BUNDLE_IDENTIFIER = sample.RouterService;
				PRODUCT_NAME = "$(TARGET_NAME:c99extidentifier)";
				SKIP_INSTALL = YES;
				SWIFT_EMIT_LOC_STRINGS = YES;
				SWIFT_OPTIMIZATION_LEVEL = "-Onone";
				SWIFT_VERSION = 5.0;
				TARGETED_DEVICE_FAMILY = "1,2";
			};
			name = Debug;
		};
		A1ED22572B1784BB00FCB6C4 /* Release */ = {
			isa = XCBuildConfiguration;
			baseConfigurationReference = 3335CD1C7609B94B2BBC5B4A /* Pods-qr_app-RouterService.release.xcconfig */;
			buildSettings = {
				CLANG_ENABLE_MODULES = YES;
				CODE_SIGN_STYLE = Automatic;
				CURRENT_PROJECT_VERSION = 1;
				DEFINES_MODULE = YES;
				DYLIB_COMPATIBILITY_VERSION = 1;
				DYLIB_CURRENT_VERSION = 1;
				DYLIB_INSTALL_NAME_BASE = "@rpath";
				ENABLE_MODULE_VERIFIER = YES;
				GENERATE_INFOPLIST_FILE = YES;
				INFOPLIST_KEY_NSHumanReadableCopyright = "";
				INSTALL_PATH = "$(LOCAL_LIBRARY_DIR)/Frameworks";
				LD_RUNPATH_SEARCH_PATHS = (
					"$(inherited)",
					"@executable_path/Frameworks",
					"@loader_path/Frameworks",
				);
				MARKETING_VERSION = 1.0;
				MODULE_VERIFIER_SUPPORTED_LANGUAGES = "objective-c objective-c++";
				MODULE_VERIFIER_SUPPORTED_LANGUAGE_STANDARDS = "gnu17 gnu++20";
				PRODUCT_BUNDLE_IDENTIFIER = sample.RouterService;
				PRODUCT_NAME = "$(TARGET_NAME:c99extidentifier)";
				SKIP_INSTALL = YES;
				SWIFT_EMIT_LOC_STRINGS = YES;
				SWIFT_VERSION = 5.0;
				TARGETED_DEVICE_FAMILY = "1,2";
			};
			name = Release;
		};
/* End XCBuildConfiguration section */

/* Begin XCConfigurationList section */
		A1ED22482B1784BB00FCB6C4 /* Build configuration list for PBXProject "RouterService" */ = {
			isa = XCConfigurationList;
			buildConfigurations = (
				A1ED22532B1784BB00FCB6C4 /* Debug */,
				A1ED22542B1784BB00FCB6C4 /* Release */,
			);
			defaultConfigurationIsVisible = 0;
			defaultConfigurationName = Release;
		};
		A1ED22552B1784BB00FCB6C4 /* Build configuration list for PBXNativeTarget "RouterService" */ = {
			isa = XCConfigurationList;
			buildConfigurations = (
				A1ED22562B1784BB00FCB6C4 /* Debug */,
				A1ED22572B1784BB00FCB6C4 /* Release */,
			);
			defaultConfigurationIsVisible = 0;
			defaultConfigurationName = Release;
		};
/* End XCConfigurationList section */
	};
	rootObject = A1ED22452B1784BB00FCB6C4 /* Project object */;
}
