// !$*UTF8*$!
{
	archiveVersion = 1;
	classes = {
	};
	objectVersion = 56;
	objects = {

/* Begin PBXBuildFile section */
		A1E3A4A12B1EFC5C0085A3B7 /* AppDelegate.swift in Sources */ = {isa = PBXBuildFile; fileRef = A1E3A4A02B1EFC5C0085A3B7 /* AppDelegate.swift */; };
		A1E3A4A52B1EFC5C0085A3B7 /* ViewController.swift in Sources */ = {isa = PBXBuildFile; fileRef = A1E3A4A42B1EFC5C0085A3B7 /* ViewController.swift */; };
		A1E3A4A82B1EFC5C0085A3B7 /* Main.storyboard in Resources */ = {isa = PBXBuildFile; fileRef = A1E3A4A62B1EFC5C0085A3B7 /* Main.storyboard */; };
		A1E3A4AA2B1EFC5D0085A3B7 /* Assets.xcassets in Resources */ = {isa = PBXBuildFile; fileRef = A1E3A4A92B1EFC5D0085A3B7 /* Assets.xcassets */; };
		A1E3A4AD2B1EFC5D0085A3B7 /* LaunchScreen.storyboard in Resources */ = {isa = PBXBuildFile; fileRef = A1E3A4AB2B1EFC5D0085A3B7 /* LaunchScreen.storyboard */; };
		A1E3A4B82B1EFC5D0085A3B7 /* qr_appTests.swift in Sources */ = {isa = PBXBuildFile; fileRef = A1E3A4B72B1EFC5D0085A3B7 /* qr_appTests.swift */; };
		DB0A9D2D60AAA05EAFF3CA5A /* Pods_qr_app.framework in Frameworks */ = {isa = PBXBuildFile; fileRef = 9DEA2D48BC45998A71502F29 /* Pods_qr_app.framework */; };
		E0B4F9A39823D854000D373A /* Pods_qr_appTests.framework in Frameworks */ = {isa = PBXBuildFile; fileRef = 98DACDC0C0D1BA7B802B3BEB /* Pods_qr_appTests.framework */; };
/* End PBXBuildFile section */

/* Begin PBXContainerItemProxy section */
		A1E3A4B42B1EFC5D0085A3B7 /* PBXContainerItemProxy */ = {
			isa = PBXContainerItemProxy;
			containerPortal = A1E3A4952B1EFC5C0085A3B7 /* Project object */;
			proxyType = 1;
			remoteGlobalIDString = A1E3A49C2B1EFC5C0085A3B7;
			remoteInfo = qr_app;
		};
/* End PBXContainerItemProxy section */

/* Begin PBXFileReference section */
		3E57DDBA58D66201387463CA /* Pods-qr_app.debug.xcconfig */ = {isa = PBXFileReference; includeInIndex = 1; lastKnownFileType = text.xcconfig; name = "Pods-qr_app.debug.xcconfig"; path = "Target Support Files/Pods-qr_app/Pods-qr_app.debug.xcconfig"; sourceTree = "<group>"; };
		52E96C0D5858A7FB2010823B /* Pods-qr_app.release.xcconfig */ = {isa = PBXFileReference; includeInIndex = 1; lastKnownFileType = text.xcconfig; name = "Pods-qr_app.release.xcconfig"; path = "Target Support Files/Pods-qr_app/Pods-qr_app.release.xcconfig"; sourceTree = "<group>"; };
		7D1A3D00CAA3B2E935D63504 /* Pods-qr_appTests.debug.xcconfig */ = {isa = PBXFileReference; includeInIndex = 1; lastKnownFileType = text.xcconfig; name = "Pods-qr_appTests.debug.xcconfig"; path = "Target Support Files/Pods-qr_appTests/Pods-qr_appTests.debug.xcconfig"; sourceTree = "<group>"; };
		98DACDC0C0D1BA7B802B3BEB /* Pods_qr_appTests.framework */ = {isa = PBXFileReference; explicitFileType = wrapper.framework; includeInIndex = 0; path = Pods_qr_appTests.framework; sourceTree = BUILT_PRODUCTS_DIR; };
		9DEA2D48BC45998A71502F29 /* Pods_qr_app.framework */ = {isa = PBXFileReference; explicitFileType = wrapper.framework; includeInIndex = 0; path = Pods_qr_app.framework; sourceTree = BUILT_PRODUCTS_DIR; };
		9EB304DD4283DF36D75E1255 /* Pods-qr_appTests.release.xcconfig */ = {isa = PBXFileReference; includeInIndex = 1; lastKnownFileType = text.xcconfig; name = "Pods-qr_appTests.release.xcconfig"; path = "Target Support Files/Pods-qr_appTests/Pods-qr_appTests.release.xcconfig"; sourceTree = "<group>"; };
		A1E3A49D2B1EFC5C0085A3B7 /* qr_app.app */ = {isa = PBXFileReference; explicitFileType = wrapper.application; includeInIndex = 0; path = qr_app.app; sourceTree = BUILT_PRODUCTS_DIR; };
		A1E3A4A02B1EFC5C0085A3B7 /* AppDelegate.swift */ = {isa = PBXFileReference; lastKnownFileType = sourcecode.swift; path = AppDelegate.swift; sourceTree = "<group>"; };
		A1E3A4A42B1EFC5C0085A3B7 /* ViewController.swift */ = {isa = PBXFileReference; lastKnownFileType = sourcecode.swift; path = ViewController.swift; sourceTree = "<group>"; };
		A1E3A4A72B1EFC5C0085A3B7 /* Base */ = {isa = PBXFileReference; lastKnownFileType = file.storyboard; name = Base; path = Base.lproj/Main.storyboard; sourceTree = "<group>"; };
		A1E3A4A92B1EFC5D0085A3B7 /* Assets.xcassets */ = {isa = PBXFileReference; lastKnownFileType = folder.assetcatalog; path = Assets.xcassets; sourceTree = "<group>"; };
		A1E3A4AC2B1EFC5D0085A3B7 /* Base */ = {isa = PBXFileReference; lastKnownFileType = file.storyboard; name = Base; path = Base.lproj/LaunchScreen.storyboard; sourceTree = "<group>"; };
		A1E3A4AE2B1EFC5D0085A3B7 /* Info.plist */ = {isa = PBXFileReference; lastKnownFileType = text.plist.xml; path = Info.plist; sourceTree = "<group>"; };
		A1E3A4B32B1EFC5D0085A3B7 /* qr_appTests.xctest */ = {isa = PBXFileReference; explicitFileType = wrapper.cfbundle; includeInIndex = 0; path = qr_appTests.xctest; sourceTree = BUILT_PRODUCTS_DIR; };
		A1E3A4B72B1EFC5D0085A3B7 /* qr_appTests.swift */ = {isa = PBXFileReference; lastKnownFileType = sourcecode.swift; path = qr_appTests.swift; sourceTree = "<group>"; };
/* End PBXFileReference section */

/* Begin PBXFrameworksBuildPhase section */
		A1E3A49A2B1EFC5C0085A3B7 /* Frameworks */ = {
			isa = PBXFrameworksBuildPhase;
			buildActionMask = 2147483647;
			files = (
				DB0A9D2D60AAA05EAFF3CA5A /* Pods_qr_app.framework in Frameworks */,
			);
			runOnlyForDeploymentPostprocessing = 0;
		};
		A1E3A4B02B1EFC5D0085A3B7 /* Frameworks */ = {
			isa = PBXFrameworksBuildPhase;
			buildActionMask = 2147483647;
			files = (
				E0B4F9A39823D854000D373A /* Pods_qr_appTests.framework in Frameworks */,
			);
			runOnlyForDeploymentPostprocessing = 0;
		};
/* End PBXFrameworksBuildPhase section */

/* Begin PBXGroup section */
		228932D1A3C8EE4DA531664C /* Pods */ = {
			isa = PBXGroup;
			children = (
				3E57DDBA58D66201387463CA /* Pods-qr_app.debug.xcconfig */,
				52E96C0D5858A7FB2010823B /* Pods-qr_app.release.xcconfig */,
				7D1A3D00CAA3B2E935D63504 /* Pods-qr_appTests.debug.xcconfig */,
				9EB304DD4283DF36D75E1255 /* Pods-qr_appTests.release.xcconfig */,
			);
			path = Pods;
			sourceTree = "<group>";
		};
		97554634C2273CFB5C70C570 /* Frameworks */ = {
			isa = PBXGroup;
			children = (
				9DEA2D48BC45998A71502F29 /* Pods_qr_app.framework */,
				98DACDC0C0D1BA7B802B3BEB /* Pods_qr_appTests.framework */,
			);
			name = Frameworks;
			sourceTree = "<group>";
		};
		A1E3A4942B1EFC5C0085A3B7 = {
			isa = PBXGroup;
			children = (
				A1E3A49F2B1EFC5C0085A3B7 /* qr_app */,
				A1E3A4B62B1EFC5D0085A3B7 /* qr_appTests */,
				A1E3A49E2B1EFC5C0085A3B7 /* Products */,
				228932D1A3C8EE4DA531664C /* Pods */,
				97554634C2273CFB5C70C570 /* Frameworks */,
			);
			sourceTree = "<group>";
		};
		A1E3A49E2B1EFC5C0085A3B7 /* Products */ = {
			isa = PBXGroup;
			children = (
				A1E3A49D2B1EFC5C0085A3B7 /* qr_app.app */,
				A1E3A4B32B1EFC5D0085A3B7 /* qr_appTests.xctest */,
			);
			name = Products;
			sourceTree = "<group>";
		};
		A1E3A49F2B1EFC5C0085A3B7 /* qr_app */ = {
			isa = PBXGroup;
			children = (
				A1E3A4A02B1EFC5C0085A3B7 /* AppDelegate.swift */,
				A1E3A4E92B1F03330085A3B7 /* Resources */,
				A1E3A4AE2B1EFC5D0085A3B7 /* Info.plist */,
			);
			path = qr_app;
			sourceTree = "<group>";
		};
		A1E3A4B62B1EFC5D0085A3B7 /* qr_appTests */ = {
			isa = PBXGroup;
			children = (
				A1E3A4B72B1EFC5D0085A3B7 /* qr_appTests.swift */,
			);
			path = qr_appTests;
			sourceTree = "<group>";
		};
		A1E3A4E92B1F03330085A3B7 /* Resources */ = {
			isa = PBXGroup;
			children = (
				A1E3A4A92B1EFC5D0085A3B7 /* Assets.xcassets */,
				A1E3A4EA2B1F033B0085A3B7 /* Main */,
			);
			path = Resources;
			sourceTree = "<group>";
		};
		A1E3A4EA2B1F033B0085A3B7 /* Main */ = {
			isa = PBXGroup;
			children = (
				A1E3A4A42B1EFC5C0085A3B7 /* ViewController.swift */,
				A1E3A4A62B1EFC5C0085A3B7 /* Main.storyboard */,
				A1E3A4AB2B1EFC5D0085A3B7 /* LaunchScreen.storyboard */,
			);
			path = Main;
			sourceTree = "<group>";
		};
/* End PBXGroup section */

/* Begin PBXNativeTarget section */
		A1E3A49C2B1EFC5C0085A3B7 /* qr_app */ = {
			isa = PBXNativeTarget;
			buildConfigurationList = A1E3A4C72B1EFC5D0085A3B7 /* Build configuration list for PBXNativeTarget "qr_app" */;
			buildPhases = (
				C15DC7F6E3C0C1C65EA06878 /* [CP] Check Pods Manifest.lock */,
				A1E3A4992B1EFC5C0085A3B7 /* Sources */,
				A1E3A49A2B1EFC5C0085A3B7 /* Frameworks */,
				A1E3A49B2B1EFC5C0085A3B7 /* Resources */,
			);
			buildRules = (
			);
			dependencies = (
			);
			name = qr_app;
			productName = qr_app;
			productReference = A1E3A49D2B1EFC5C0085A3B7 /* qr_app.app */;
			productType = "com.apple.product-type.application";
		};
		A1E3A4B22B1EFC5D0085A3B7 /* qr_appTests */ = {
			isa = PBXNativeTarget;
			buildConfigurationList = A1E3A4CA2B1EFC5D0085A3B7 /* Build configuration list for PBXNativeTarget "qr_appTests" */;
			buildPhases = (
				9AA704D44B773A97BEC21AFE /* [CP] Check Pods Manifest.lock */,
				A1E3A4AF2B1EFC5D0085A3B7 /* Sources */,
				A1E3A4B02B1EFC5D0085A3B7 /* Frameworks */,
				A1E3A4B12B1EFC5D0085A3B7 /* Resources */,
			);
			buildRules = (
			);
			dependencies = (
				A1E3A4B52B1EFC5D0085A3B7 /* PBXTargetDependency */,
			);
			name = qr_appTests;
			productName = qr_appTests;
			productReference = A1E3A4B32B1EFC5D0085A3B7 /* qr_appTests.xctest */;
			productType = "com.apple.product-type.bundle.unit-test";
		};
/* End PBXNativeTarget section */

/* Begin PBXProject section */
		A1E3A4952B1EFC5C0085A3B7 /* Project object */ = {
			isa = PBXProject;
			attributes = {
				BuildIndependentTargetsInParallel = 1;
				LastSwiftUpdateCheck = 1500;
				LastUpgradeCheck = 1500;
				TargetAttributes = {
					A1E3A49C2B1EFC5C0085A3B7 = {
						CreatedOnToolsVersion = 15.0.1;
					};
					A1E3A4B22B1EFC5D0085A3B7 = {
						CreatedOnToolsVersion = 15.0.1;
						TestTargetID = A1E3A49C2B1EFC5C0085A3B7;
					};
				};
			};
			buildConfigurationList = A1E3A4982B1EFC5C0085A3B7 /* Build configuration list for PBXProject "qr_app" */;
			compatibilityVersion = "Xcode 14.0";
			developmentRegion = en;
			hasScannedForEncodings = 0;
			knownRegions = (
				en,
				Base,
			);
			mainGroup = A1E3A4942B1EFC5C0085A3B7;
			productRefGroup = A1E3A49E2B1EFC5C0085A3B7 /* Products */;
			projectDirPath = "";
			projectRoot = "";
			targets = (
				A1E3A49C2B1EFC5C0085A3B7 /* qr_app */,
				A1E3A4B22B1EFC5D0085A3B7 /* qr_appTests */,
			);
		};
/* End PBXProject section */

/* Begin PBXResourcesBuildPhase section */
		A1E3A49B2B1EFC5C0085A3B7 /* Resources */ = {
			isa = PBXResourcesBuildPhase;
			buildActionMask = 2147483647;
			files = (
				A1E3A4AD2B1EFC5D0085A3B7 /* LaunchScreen.storyboard in Resources */,
				A1E3A4AA2B1EFC5D0085A3B7 /* Assets.xcassets in Resources */,
				A1E3A4A82B1EFC5C0085A3B7 /* Main.storyboard in Resources */,
			);
			runOnlyForDeploymentPostprocessing = 0;
		};
		A1E3A4B12B1EFC5D0085A3B7 /* Resources */ = {
			isa = PBXResourcesBuildPhase;
			buildActionMask = 2147483647;
			files = (
			);
			runOnlyForDeploymentPostprocessing = 0;
		};
/* End PBXResourcesBuildPhase section */

/* Begin PBXShellScriptBuildPhase section */
		9AA704D44B773A97BEC21AFE /* [CP] Check Pods Manifest.lock */ = {
			isa = PBXShellScriptBuildPhase;
			buildActionMask = 2147483647;
			files = (
			);
			inputFileListPaths = (
			);
			inputPaths = (
				"${PODS_PODFILE_DIR_PATH}/Podfile.lock",
				"${PODS_ROOT}/Manifest.lock",
			);
			name = "[CP] Check Pods Manifest.lock";
			outputFileListPaths = (
			);
			outputPaths = (
				"$(DERIVED_FILE_DIR)/Pods-qr_appTests-checkManifestLockResult.txt",
			);
			runOnlyForDeploymentPostprocessing = 0;
			shellPath = /bin/sh;
			shellScript = "diff \"${PODS_PODFILE_DIR_PATH}/Podfile.lock\" \"${PODS_ROOT}/Manifest.lock\" > /dev/null\nif [ $? != 0 ] ; then\n    # print error to STDERR\n    echo \"error: The sandbox is not in sync with the Podfile.lock. Run 'pod install' or update your CocoaPods installation.\" >&2\n    exit 1\nfi\n# This output is used by Xcode 'outputs' to avoid re-running this script phase.\necho \"SUCCESS\" > \"${SCRIPT_OUTPUT_FILE_0}\"\n";
			showEnvVarsInLog = 0;
		};
		C15DC7F6E3C0C1C65EA06878 /* [CP] Check Pods Manifest.lock */ = {
			isa = PBXShellScriptBuildPhase;
			buildActionMask = 2147483647;
			files = (
			);
			inputFileListPaths = (
			);
			inputPaths = (
				"${PODS_PODFILE_DIR_PATH}/Podfile.lock",
				"${PODS_ROOT}/Manifest.lock",
			);
			name = "[CP] Check Pods Manifest.lock";
			outputFileListPaths = (
			);
			outputPaths = (
				"$(DERIVED_FILE_DIR)/Pods-qr_app-checkManifestLockResult.txt",
			);
			runOnlyForDeploymentPostprocessing = 0;
			shellPath = /bin/sh;
			shellScript = "diff \"${PODS_PODFILE_DIR_PATH}/Podfile.lock\" \"${PODS_ROOT}/Manifest.lock\" > /dev/null\nif [ $? != 0 ] ; then\n    # print error to STDERR\n    echo \"error: The sandbox is not in sync with the Podfile.lock. Run 'pod install' or update your CocoaPods installation.\" >&2\n    exit 1\nfi\n# This output is used by Xcode 'outputs' to avoid re-running this script phase.\necho \"SUCCESS\" > \"${SCRIPT_OUTPUT_FILE_0}\"\n";
			showEnvVarsInLog = 0;
		};
/* End PBXShellScriptBuildPhase section */

/* Begin PBXSourcesBuildPhase section */
		A1E3A4992B1EFC5C0085A3B7 /* Sources */ = {
			isa = PBXSourcesBuildPhase;
			buildActionMask = 2147483647;
			files = (
				A1E3A4A52B1EFC5C0085A3B7 /* ViewController.swift in Sources */,
				A1E3A4A12B1EFC5C0085A3B7 /* AppDelegate.swift in Sources */,
			);
			runOnlyForDeploymentPostprocessing = 0;
		};
		A1E3A4AF2B1EFC5D0085A3B7 /* Sources */ = {
			isa = PBXSourcesBuildPhase;
			buildActionMask = 2147483647;
			files = (
				A1E3A4B82B1EFC5D0085A3B7 /* qr_appTests.swift in Sources */,
			);
			runOnlyForDeploymentPostprocessing = 0;
		};
/* End PBXSourcesBuildPhase section */

/* Begin PBXTargetDependency section */
		A1E3A4B52B1EFC5D0085A3B7 /* PBXTargetDependency */ = {
			isa = PBXTargetDependency;
			target = A1E3A49C2B1EFC5C0085A3B7 /* qr_app */;
			targetProxy = A1E3A4B42B1EFC5D0085A3B7 /* PBXContainerItemProxy */;
		};
/* End PBXTargetDependency section */

/* Begin PBXVariantGroup section */
		A1E3A4A62B1EFC5C0085A3B7 /* Main.storyboard */ = {
			isa = PBXVariantGroup;
			children = (
				A1E3A4A72B1EFC5C0085A3B7 /* Base */,
			);
			name = Main.storyboard;
			sourceTree = "<group>";
		};
		A1E3A4AB2B1EFC5D0085A3B7 /* LaunchScreen.storyboard */ = {
			isa = PBXVariantGroup;
			children = (
				A1E3A4AC2B1EFC5D0085A3B7 /* Base */,
			);
			name = LaunchScreen.storyboard;
			sourceTree = "<group>";
		};
/* End PBXVariantGroup section */

/* Begin XCBuildConfiguration section */
		A1E3A4C52B1EFC5D0085A3B7 /* Debug */ = {
			isa = XCBuildConfiguration;
			buildSettings = {
				ALWAYS_SEARCH_USER_PATHS = NO;
				ASSETCATALOG_COMPILER_GENERATE_SWIFT_ASSET_SYMBOL_EXTENSIONS = YES;
				CLANG_ANALYZER_NONNULL = YES;
				CLANG_ANALYZER_NUMBER_OBJECT_CONVERSION = YES_AGGRESSIVE;
				CLANG_CXX_LANGUAGE_STANDARD = "gnu++20";
				CLANG_ENABLE_MODULES = YES;
				CLANG_ENABLE_OBJC_ARC = YES;
				CLANG_ENABLE_OBJC_WEAK = YES;
				CLANG_WARN_BLOCK_CAPTURE_AUTORELEASING = YES;
				CLANG_WARN_BOOL_CONVERSION = YES;
				CLANG_WARN_COMMA = YES;
				CLANG_WARN_CONSTANT_CONVERSION = YES;
				CLANG_WARN_DEPRECATED_OBJC_IMPLEMENTATIONS = YES;
				CLANG_WARN_DIRECT_OBJC_ISA_USAGE = YES_ERROR;
				CLANG_WARN_DOCUMENTATION_COMMENTS = YES;
				CLANG_WARN_EMPTY_BODY = YES;
				CLANG_WARN_ENUM_CONVERSION = YES;
				CLANG_WARN_INFINITE_RECURSION = YES;
				CLANG_WARN_INT_CONVERSION = YES;
				CLANG_WARN_NON_LITERAL_NULL_CONVERSION = YES;
				CLANG_WARN_OBJC_IMPLICIT_RETAIN_SELF = YES;
				CLANG_WARN_OBJC_LITERAL_CONVERSION = YES;
				CLANG_WARN_OBJC_ROOT_CLASS = YES_ERROR;
				CLANG_WARN_QUOTED_INCLUDE_IN_FRAMEWORK_HEADER = YES;
				CLANG_WARN_RANGE_LOOP_ANALYSIS = YES;
				CLANG_WARN_STRICT_PROTOTYPES = YES;
				CLANG_WARN_SUSPICIOUS_MOVE = YES;
				CLANG_WARN_UNGUARDED_AVAILABILITY = YES_AGGRESSIVE;
				CLANG_WARN_UNREACHABLE_CODE = YES;
				CLANG_WARN__DUPLICATE_METHOD_MATCH = YES;
				COPY_PHASE_STRIP = NO;
				DEBUG_INFORMATION_FORMAT = dwarf;
				ENABLE_STRICT_OBJC_MSGSEND = YES;
				ENABLE_TESTABILITY = YES;
				ENABLE_USER_SCRIPT_SANDBOXING = YES;
				GCC_C_LANGUAGE_STANDARD = gnu17;
				GCC_DYNAMIC_NO_PIC = NO;
				GCC_NO_COMMON_BLOCKS = YES;
				GCC_OPTIMIZATION_LEVEL = 0;
				GCC_PREPROCESSOR_DEFINITIONS = (
					"DEBUG=1",
					"$(inherited)",
				);
				GCC_WARN_64_TO_32_BIT_CONVERSION = YES;
				GCC_WARN_ABOUT_RETURN_TYPE = YES_ERROR;
				GCC_WARN_UNDECLARED_SELECTOR = YES;
				GCC_WARN_UNINITIALIZED_AUTOS = YES_AGGRESSIVE;
				GCC_WARN_UNUSED_FUNCTION = YES;
				GCC_WARN_UNUSED_VARIABLE = YES;
				IPHONEOS_DEPLOYMENT_TARGET = 13.0;
				LOCALIZATION_PREFERS_STRING_CATALOGS = YES;
				MTL_ENABLE_DEBUG_INFO = INCLUDE_SOURCE;
				MTL_FAST_MATH = YES;
				ONLY_ACTIVE_ARCH = YES;
				SDKROOT = iphoneos;
				SWIFT_ACTIVE_COMPILATION_CONDITIONS = "DEBUG $(inherited)";
				SWIFT_OPTIMIZATION_LEVEL = "-Onone";
			};
			name = Debug;
		};
		A1E3A4C62B1EFC5D0085A3B7 /* Release */ = {
			isa = XCBuildConfiguration;
			buildSettings = {
				ALWAYS_SEARCH_USER_PATHS = NO;
				ASSETCATALOG_COMPILER_GENERATE_SWIFT_ASSET_SYMBOL_EXTENSIONS = YES;
				CLANG_ANALYZER_NONNULL = YES;
				CLANG_ANALYZER_NUMBER_OBJECT_CONVERSION = YES_AGGRESSIVE;
				CLANG_CXX_LANGUAGE_STANDARD = "gnu++20";
				CLANG_ENABLE_MODULES = YES;
				CLANG_ENABLE_OBJC_ARC = YES;
				CLANG_ENABLE_OBJC_WEAK = YES;
				CLANG_WARN_BLOCK_CAPTURE_AUTORELEASING = YES;
				CLANG_WARN_BOOL_CONVERSION = YES;
				CLANG_WARN_COMMA = YES;
				CLANG_WARN_CONSTANT_CONVERSION = YES;
				CLANG_WARN_DEPRECATED_OBJC_IMPLEMENTATIONS = YES;
				CLANG_WARN_DIRECT_OBJC_ISA_USAGE = YES_ERROR;
				CLANG_WARN_DOCUMENTATION_COMMENTS = YES;
				CLANG_WARN_EMPTY_BODY = YES;
				CLANG_WARN_ENUM_CONVERSION = YES;
				CLANG_WARN_INFINITE_RECURSION = YES;
				CLANG_WARN_INT_CONVERSION = YES;
				CLANG_WARN_NON_LITERAL_NULL_CONVERSION = YES;
				CLANG_WARN_OBJC_IMPLICIT_RETAIN_SELF = YES;
				CLANG_WARN_OBJC_LITERAL_CONVERSION = YES;
				CLANG_WARN_OBJC_ROOT_CLASS = YES_ERROR;
				CLANG_WARN_QUOTED_INCLUDE_IN_FRAMEWORK_HEADER = YES;
				CLANG_WARN_RANGE_LOOP_ANALYSIS = YES;
				CLANG_WARN_STRICT_PROTOTYPES = YES;
				CLANG_WARN_SUSPICIOUS_MOVE = YES;
				CLANG_WARN_UNGUARDED_AVAILABILITY = YES_AGGRESSIVE;
				CLANG_WARN_UNREACHABLE_CODE = YES;
				CLANG_WARN__DUPLICATE_METHOD_MATCH = YES;
				COPY_PHASE_STRIP = NO;
				DEBUG_INFORMATION_FORMAT = "dwarf-with-dsym";
				ENABLE_NS_ASSERTIONS = NO;
				ENABLE_STRICT_OBJC_MSGSEND = YES;
				ENABLE_USER_SCRIPT_SANDBOXING = YES;
				GCC_C_LANGUAGE_STANDARD = gnu17;
				GCC_NO_COMMON_BLOCKS = YES;
				GCC_WARN_64_TO_32_BIT_CONVERSION = YES;
				GCC_WARN_ABOUT_RETURN_TYPE = YES_ERROR;
				GCC_WARN_UNDECLARED_SELECTOR = YES;
				GCC_WARN_UNINITIALIZED_AUTOS = YES_AGGRESSIVE;
				GCC_WARN_UNUSED_FUNCTION = YES;
				GCC_WARN_UNUSED_VARIABLE = YES;
				IPHONEOS_DEPLOYMENT_TARGET = 13.0;
				LOCALIZATION_PREFERS_STRING_CATALOGS = YES;
				MTL_ENABLE_DEBUG_INFO = NO;
				MTL_FAST_MATH = YES;
				SDKROOT = iphoneos;
				SWIFT_COMPILATION_MODE = wholemodule;
				VALIDATE_PRODUCT = YES;
			};
			name = Release;
		};
		A1E3A4C82B1EFC5D0085A3B7 /* Debug */ = {
			isa = XCBuildConfiguration;
			baseConfigurationReference = 3E57DDBA58D66201387463CA /* Pods-qr_app.debug.xcconfig */;
			buildSettings = {
				ASSETCATALOG_COMPILER_APPICON_NAME = AppIcon;
				ASSETCATALOG_COMPILER_GLOBAL_ACCENT_COLOR_NAME = AccentColor;
				CODE_SIGN_STYLE = Automatic;
				CURRENT_PROJECT_VERSION = 1;
				GENERATE_INFOPLIST_FILE = YES;
				INFOPLIST_FILE = qr_app/Info.plist;
				INFOPLIST_KEY_UIApplicationSupportsIndirectInputEvents = YES;
				INFOPLIST_KEY_UILaunchStoryboardName = LaunchScreen;
				INFOPLIST_KEY_UIMainStoryboardFile = Main;
				INFOPLIST_KEY_UISupportedInterfaceOrientations_iPad = "UIInterfaceOrientationPortrait UIInterfaceOrientationPortraitUpsideDown UIInterfaceOrientationLandscapeLeft UIInterfaceOrientationLandscapeRight";
				INFOPLIST_KEY_UISupportedInterfaceOrientations_iPhone = "UIInterfaceOrientationPortrait UIInterfaceOrientationLandscapeLeft UIInterfaceOrientationLandscapeRight";
				LD_RUNPATH_SEARCH_PATHS = (
					"$(inherited)",
					"@executable_path/Frameworks",
				);
				MARKETING_VERSION = 1.0;
				PRODUCT_BUNDLE_IDENTIFIER = "test.qr-app";
				PRODUCT_NAME = "$(TARGET_NAME)";
				SWIFT_EMIT_LOC_STRINGS = YES;
				SWIFT_VERSION = 5.0;
				TARGETED_DEVICE_FAMILY = "1,2";
			};
			name = Debug;
		};
		A1E3A4C92B1EFC5D0085A3B7 /* Release */ = {
			isa = XCBuildConfiguration;
			baseConfigurationReference = 52E96C0D5858A7FB2010823B /* Pods-qr_app.release.xcconfig */;
			buildSettings = {
				ASSETCATALOG_COMPILER_APPICON_NAME = AppIcon;
				ASSETCATALOG_COMPILER_GLOBAL_ACCENT_COLOR_NAME = AccentColor;
				CODE_SIGN_STYLE = Automatic;
				CURRENT_PROJECT_VERSION = 1;
				GENERATE_INFOPLIST_FILE = YES;
				INFOPLIST_FILE = qr_app/Info.plist;
				INFOPLIST_KEY_UIApplicationSupportsIndirectInputEvents = YES;
				INFOPLIST_KEY_UILaunchStoryboardName = LaunchScreen;
				INFOPLIST_KEY_UIMainStoryboardFile = Main;
				INFOPLIST_KEY_UISupportedInterfaceOrientations_iPad = "UIInterfaceOrientationPortrait UIInterfaceOrientationPortraitUpsideDown UIInterfaceOrientationLandscapeLeft UIInterfaceOrientationLandscapeRight";
				INFOPLIST_KEY_UISupportedInterfaceOrientations_iPhone = "UIInterfaceOrientationPortrait UIInterfaceOrientationLandscapeLeft UIInterfaceOrientationLandscapeRight";
				LD_RUNPATH_SEARCH_PATHS = (
					"$(inherited)",
					"@executable_path/Frameworks",
				);
				MARKETING_VERSION = 1.0;
				PRODUCT_BUNDLE_IDENTIFIER = "test.qr-app";
				PRODUCT_NAME = "$(TARGET_NAME)";
				SWIFT_EMIT_LOC_STRINGS = YES;
				SWIFT_VERSION = 5.0;
				TARGETED_DEVICE_FAMILY = "1,2";
			};
			name = Release;
		};
		A1E3A4CB2B1EFC5D0085A3B7 /* Debug */ = {
			isa = XCBuildConfiguration;
			baseConfigurationReference = 7D1A3D00CAA3B2E935D63504 /* Pods-qr_appTests.debug.xcconfig */;
			buildSettings = {
				ALWAYS_EMBED_SWIFT_STANDARD_LIBRARIES = YES;
				BUNDLE_LOADER = "$(TEST_HOST)";
				CODE_SIGN_STYLE = Automatic;
				CURRENT_PROJECT_VERSION = 1;
				GENERATE_INFOPLIST_FILE = YES;
				IPHONEOS_DEPLOYMENT_TARGET = 17.0;
				MARKETING_VERSION = 1.0;
				PRODUCT_BUNDLE_IDENTIFIER = "test.qr-appTests";
				PRODUCT_NAME = "$(TARGET_NAME)";
				SWIFT_EMIT_LOC_STRINGS = NO;
				SWIFT_VERSION = 5.0;
				TARGETED_DEVICE_FAMILY = "1,2";
				TEST_HOST = "$(BUILT_PRODUCTS_DIR)/qr_app.app/$(BUNDLE_EXECUTABLE_FOLDER_PATH)/qr_app";
			};
			name = Debug;
		};
		A1E3A4CC2B1EFC5D0085A3B7 /* Release */ = {
			isa = XCBuildConfiguration;
			baseConfigurationReference = 9EB304DD4283DF36D75E1255 /* Pods-qr_appTests.release.xcconfig */;
			buildSettings = {
				ALWAYS_EMBED_SWIFT_STANDARD_LIBRARIES = YES;
				BUNDLE_LOADER = "$(TEST_HOST)";
				CODE_SIGN_STYLE = Automatic;
				CURRENT_PROJECT_VERSION = 1;
				GENERATE_INFOPLIST_FILE = YES;
				IPHONEOS_DEPLOYMENT_TARGET = 17.0;
				MARKETING_VERSION = 1.0;
				PRODUCT_BUNDLE_IDENTIFIER = "test.qr-appTests";
				PRODUCT_NAME = "$(TARGET_NAME)";
				SWIFT_EMIT_LOC_STRINGS = NO;
				SWIFT_VERSION = 5.0;
				TARGETED_DEVICE_FAMILY = "1,2";
				TEST_HOST = "$(BUILT_PRODUCTS_DIR)/qr_app.app/$(BUNDLE_EXECUTABLE_FOLDER_PATH)/qr_app";
			};
			name = Release;
		};
/* End XCBuildConfiguration section */

/* Begin XCConfigurationList section */
		A1E3A4982B1EFC5C0085A3B7 /* Build configuration list for PBXProject "qr_app" */ = {
			isa = XCConfigurationList;
			buildConfigurations = (
				A1E3A4C52B1EFC5D0085A3B7 /* Debug */,
				A1E3A4C62B1EFC5D0085A3B7 /* Release */,
			);
			defaultConfigurationIsVisible = 0;
			defaultConfigurationName = Release;
		};
		A1E3A4C72B1EFC5D0085A3B7 /* Build configuration list for PBXNativeTarget "qr_app" */ = {
			isa = XCConfigurationList;
			buildConfigurations = (
				A1E3A4C82B1EFC5D0085A3B7 /* Debug */,
				A1E3A4C92B1EFC5D0085A3B7 /* Release */,
			);
			defaultConfigurationIsVisible = 0;
			defaultConfigurationName = Release;
		};
		A1E3A4CA2B1EFC5D0085A3B7 /* Build configuration list for PBXNativeTarget "qr_appTests" */ = {
			isa = XCConfigurationList;
			buildConfigurations = (
				A1E3A4CB2B1EFC5D0085A3B7 /* Debug */,
				A1E3A4CC2B1EFC5D0085A3B7 /* Release */,
			);
			defaultConfigurationIsVisible = 0;
			defaultConfigurationName = Release;
		};
/* End XCConfigurationList section */
	};
	rootObject = A1E3A4952B1EFC5C0085A3B7 /* Project object */;
}
